
Microsoft Visual Studio Solution File, Format Version 12.00
# Visual Studio 2012
Project("{FAE04EC0-301F-11D3-BF4B-00C04F79EFBC}") = "Shipping", "Shipping.csproj", "{8D105209-4DD3-4CCA-AE4E-3018DFB2A86D}"
EndProject
Project("{2150E333-8FDC-42A3-9474-1A3956D46DE8}") = "Tests", "Tests", "{3BB106AC-1D46-481C-840F-5165757CDF92}"
EndProject
Project("{FAE04EC0-301F-11D3-BF4B-00C04F79EFBC}") = "UPSProxy", "..\UPSProxy\UPSProxy.csproj", "{2F6583E3-9684-4D13-8FFB-74F528CA977C}"
EndProject
Project("{FAE04EC0-301F-11D3-BF4B-00C04F79EFBC}") = "FedExProxy", "FedExProxy\FedExProxy.csproj", "{E9D2E1C7-7D62-405C-99D1-B744733AA23A}"
EndProject
Project("{FAE04EC0-301F-11D3-BF4B-00C04F79EFBC}") = "Messages", "Messages\Messages.csproj", "{62BAE5A3-1259-4F7E-B1DB-6EC76D0416A1}"
EndProject
Project("{FAE04EC0-301F-11D3-BF4B-00C04F79EFBC}") = "Conventions", "Conventions\Conventions.csproj", "{3F8FEADA-0D3E-44AB-AF33-F4A2250CB854}"
EndProject
Project("{2150E333-8FDC-42A3-9474-1A3956D46DE8}") = "Common", "Common", "{241FC5C4-5A17-403A-8FA0-3E9A778791FD}"
EndProject
Project("{2150E333-8FDC-42A3-9474-1A3956D46DE8}") = "Services", "Services", "{B9379C51-D966-4691-99C8-262A805CD2F4}"
EndProject
Global
	GlobalSection(SolutionConfigurationPlatforms) = preSolution
		Debug|Any CPU = Debug|Any CPU
		Release|Any CPU = Release|Any CPU
	EndGlobalSection
	GlobalSection(ProjectConfigurationPlatforms) = postSolution
		{8D105209-4DD3-4CCA-AE4E-3018DFB2A86D}.Debug|Any CPU.ActiveCfg = Debug|Any CPU
		{8D105209-4DD3-4CCA-AE4E-3018DFB2A86D}.Debug|Any CPU.Build.0 = Debug|Any CPU
		{8D105209-4DD3-4CCA-AE4E-3018DFB2A86D}.Release|Any CPU.ActiveCfg = Release|Any CPU
		{8D105209-4DD3-4CCA-AE4E-3018DFB2A86D}.Release|Any CPU.Build.0 = Release|Any CPU
		{2F6583E3-9684-4D13-8FFB-74F528CA977C}.Debug|Any CPU.ActiveCfg = Debug|Any CPU
		{2F6583E3-9684-4D13-8FFB-74F528CA977C}.Debug|Any CPU.Build.0 = Debug|Any CPU
		{2F6583E3-9684-4D13-8FFB-74F528CA977C}.Release|Any CPU.ActiveCfg = Release|Any CPU
		{2F6583E3-9684-4D13-8FFB-74F528CA977C}.Release|Any CPU.Build.0 = Release|Any CPU
		{E9D2E1C7-7D62-405C-99D1-B744733AA23A}.Debug|Any CPU.ActiveCfg = Debug|Any CPU
		{E9D2E1C7-7D62-405C-99D1-B744733AA23A}.Debug|Any CPU.Build.0 = Debug|Any CPU
		{E9D2E1C7-7D62-405C-99D1-B744733AA23A}.Release|Any CPU.ActiveCfg = Release|Any CPU
		{E9D2E1C7-7D62-405C-99D1-B744733AA23A}.Release|Any CPU.Build.0 = Release|Any CPU
		{62BAE5A3-1259-4F7E-B1DB-6EC76D0416A1}.Debug|Any CPU.ActiveCfg = Debug|Any CPU
		{62BAE5A3-1259-4F7E-B1DB-6EC76D0416A1}.Debug|Any CPU.Build.0 = Debug|Any CPU
		{62BAE5A3-1259-4F7E-B1DB-6EC76D0416A1}.Release|Any CPU.ActiveCfg = Release|Any CPU
		{62BAE5A3-1259-4F7E-B1DB-6EC76D0416A1}.Release|Any CPU.Build.0 = Release|Any CPU
		{3F8FEADA-0D3E-44AB-AF33-F4A2250CB854}.Debug|Any CPU.ActiveCfg = Debug|Any CPU
		{3F8FEADA-0D3E-44AB-AF33-F4A2250CB854}.Debug|Any CPU.Build.0 = Debug|Any CPU
		{3F8FEADA-0D3E-44AB-AF33-F4A2250CB854}.Release|Any CPU.ActiveCfg = Release|Any CPU
		{3F8FEADA-0D3E-44AB-AF33-F4A2250CB854}.Release|Any CPU.Build.0 = Release|Any CPU
	EndGlobalSection
	GlobalSection(SolutionProperties) = preSolution
		HideSolutionNode = FALSE
	EndGlobalSection
	GlobalSection(NestedProjects) = preSolution
		{62BAE5A3-1259-4F7E-B1DB-6EC76D0416A1} = {241FC5C4-5A17-403A-8FA0-3E9A778791FD}
		{3F8FEADA-0D3E-44AB-AF33-F4A2250CB854} = {241FC5C4-5A17-403A-8FA0-3E9A778791FD}
		{E9D2E1C7-7D62-405C-99D1-B744733AA23A} = {B9379C51-D966-4691-99C8-262A805CD2F4}
		{8D105209-4DD3-4CCA-AE4E-3018DFB2A86D} = {B9379C51-D966-4691-99C8-262A805CD2F4}
		{2F6583E3-9684-4D13-8FFB-74F528CA977C} = {B9379C51-D966-4691-99C8-262A805CD2F4}
	EndGlobalSection
EndGlobal
